// !$*UTF8*$!
{
	archiveVersion = 1;
	classes = {
	};
	objectVersion = 55;
	objects = {

/* Begin PBXBuildFile section */
		6CC3B99A2817DFD200A18DD3 /* AppDelegate.swift in Sources */ = {isa = PBXBuildFile; fileRef = 6CC3B9992817DFD200A18DD3 /* AppDelegate.swift */; };
		6CC3B99C2817DFD200A18DD3 /* SceneDelegate.swift in Sources */ = {isa = PBXBuildFile; fileRef = 6CC3B99B2817DFD200A18DD3 /* SceneDelegate.swift */; };
		6CC3B9A12817DFD200A18DD3 /* Main.storyboard in Resources */ = {isa = PBXBuildFile; fileRef = 6CC3B99F2817DFD200A18DD3 /* Main.storyboard */; };
		6CC3B9A32817DFD300A18DD3 /* Assets.xcassets in Resources */ = {isa = PBXBuildFile; fileRef = 6CC3B9A22817DFD300A18DD3 /* Assets.xcassets */; };
		6CC3B9A62817DFD300A18DD3 /* LaunchScreen.storyboard in Resources */ = {isa = PBXBuildFile; fileRef = 6CC3B9A42817DFD300A18DD3 /* LaunchScreen.storyboard */; };
		6CC3B9B82817E1AF00A18DD3 /* MainScreenView.swift in Sources */ = {isa = PBXBuildFile; fileRef = 6CC3B9B72817E1AF00A18DD3 /* MainScreenView.swift */; };
		6CC3B9BA2817E24B00A18DD3 /* MainScreenModule.swift in Sources */ = {isa = PBXBuildFile; fileRef = 6CC3B9B92817E24B00A18DD3 /* MainScreenModule.swift */; };
		6CC3B9BD2817E2BE00A18DD3 /* MainScreenInteractor.swift in Sources */ = {isa = PBXBuildFile; fileRef = 6CC3B9BC2817E2BE00A18DD3 /* MainScreenInteractor.swift */; };
		6CC3B9BF2817E2ED00A18DD3 /* MainScreenFactory.swift in Sources */ = {isa = PBXBuildFile; fileRef = 6CC3B9BE2817E2ED00A18DD3 /* MainScreenFactory.swift */; };
		6CC3B9C12817E31300A18DD3 /* MainScreenAssembly.swift in Sources */ = {isa = PBXBuildFile; fileRef = 6CC3B9C02817E31300A18DD3 /* MainScreenAssembly.swift */; };
/* End PBXBuildFile section */

/* Begin PBXFileReference section */
		6CC3B9962817DFD200A18DD3 /* CoordinatorChangeColor.app */ = {isa = PBXFileReference; explicitFileType = wrapper.application; includeInIndex = 0; path = CoordinatorChangeColor.app; sourceTree = BUILT_PRODUCTS_DIR; };
		6CC3B9992817DFD200A18DD3 /* AppDelegate.swift */ = {isa = PBXFileReference; lastKnownFileType = sourcecode.swift; path = AppDelegate.swift; sourceTree = "<group>"; };
		6CC3B99B2817DFD200A18DD3 /* SceneDelegate.swift */ = {isa = PBXFileReference; lastKnownFileType = sourcecode.swift; path = SceneDelegate.swift; sourceTree = "<group>"; };
		6CC3B9A02817DFD200A18DD3 /* Base */ = {isa = PBXFileReference; lastKnownFileType = file.storyboard; name = Base; path = Base.lproj/Main.storyboard; sourceTree = "<group>"; };
		6CC3B9A22817DFD300A18DD3 /* Assets.xcassets */ = {isa = PBXFileReference; lastKnownFileType = folder.assetcatalog; path = Assets.xcassets; sourceTree = "<group>"; };
		6CC3B9A52817DFD300A18DD3 /* Base */ = {isa = PBXFileReference; lastKnownFileType = file.storyboard; name = Base; path = Base.lproj/LaunchScreen.storyboard; sourceTree = "<group>"; };
		6CC3B9A72817DFD300A18DD3 /* Info.plist */ = {isa = PBXFileReference; lastKnownFileType = text.plist.xml; path = Info.plist; sourceTree = "<group>"; };
		6CC3B9B72817E1AF00A18DD3 /* MainScreenView.swift */ = {isa = PBXFileReference; lastKnownFileType = sourcecode.swift; path = MainScreenView.swift; sourceTree = "<group>"; };
		6CC3B9B92817E24B00A18DD3 /* MainScreenModule.swift */ = {isa = PBXFileReference; lastKnownFileType = sourcecode.swift; path = MainScreenModule.swift; sourceTree = "<group>"; };
		6CC3B9BC2817E2BE00A18DD3 /* MainScreenInteractor.swift */ = {isa = PBXFileReference; lastKnownFileType = sourcecode.swift; path = MainScreenInteractor.swift; sourceTree = "<group>"; };
		6CC3B9BE2817E2ED00A18DD3 /* MainScreenFactory.swift */ = {isa = PBXFileReference; lastKnownFileType = sourcecode.swift; path = MainScreenFactory.swift; sourceTree = "<group>"; };
		6CC3B9C02817E31300A18DD3 /* MainScreenAssembly.swift */ = {isa = PBXFileReference; lastKnownFileType = sourcecode.swift; path = MainScreenAssembly.swift; sourceTree = "<group>"; };
/* End PBXFileReference section */

/* Begin PBXFrameworksBuildPhase section */
		6CC3B9932817DFD200A18DD3 /* Frameworks */ = {
			isa = PBXFrameworksBuildPhase;
			buildActionMask = 2147483647;
			files = (
			);
			runOnlyForDeploymentPostprocessing = 0;
		};
/* End PBXFrameworksBuildPhase section */

/* Begin PBXGroup section */
		6CC3B98D2817DFD200A18DD3 = {
			isa = PBXGroup;
			children = (
				6CC3B9982817DFD200A18DD3 /* CoordinatorChangeColor */,
				6CC3B9972817DFD200A18DD3 /* Products */,
			);
			sourceTree = "<group>";
		};
		6CC3B9972817DFD200A18DD3 /* Products */ = {
			isa = PBXGroup;
			children = (
				6CC3B9962817DFD200A18DD3 /* CoordinatorChangeColor.app */,
			);
			name = Products;
			sourceTree = "<group>";
		};
		6CC3B9982817DFD200A18DD3 /* CoordinatorChangeColor */ = {
			isa = PBXGroup;
			children = (
				6CC3B9AE2817E07F00A18DD3 /* Navigation */,
				6CC3B9AF2817E08700A18DD3 /* Modules */,
				6CC3B9AD2817E07100A18DD3 /* System */,
				6CC3B9A72817DFD300A18DD3 /* Info.plist */,
			);
			path = CoordinatorChangeColor;
			sourceTree = "<group>";
		};
		6CC3B9AD2817E07100A18DD3 /* System */ = {
			isa = PBXGroup;
			children = (
				6CC3B9992817DFD200A18DD3 /* AppDelegate.swift */,
				6CC3B99B2817DFD200A18DD3 /* SceneDelegate.swift */,
				6CC3B99F2817DFD200A18DD3 /* Main.storyboard */,
				6CC3B9A22817DFD300A18DD3 /* Assets.xcassets */,
				6CC3B9A42817DFD300A18DD3 /* LaunchScreen.storyboard */,
			);
			path = System;
			sourceTree = "<group>";
		};
		6CC3B9AE2817E07F00A18DD3 /* Navigation */ = {
			isa = PBXGroup;
			children = (
			);
			path = Navigation;
			sourceTree = "<group>";
		};
		6CC3B9AF2817E08700A18DD3 /* Modules */ = {
			isa = PBXGroup;
			children = (
				6CC3B9B12817E0A700A18DD3 /* DetailScreenModule */,
				6CC3B9B02817E09800A18DD3 /* MainScreenModule */,
			);
			path = Modules;
			sourceTree = "<group>";
		};
		6CC3B9B02817E09800A18DD3 /* MainScreenModule */ = {
			isa = PBXGroup;
			children = (
				6CC3B9B62817E19F00A18DD3 /* Presenter */,
				6CC3B9B52817E19400A18DD3 /* View */,
				6CC3B9B42817E18D00A18DD3 /* Interactor */,
				6CC3B9B32817E18700A18DD3 /* Factory */,
				6CC3B9B22817E18000A18DD3 /* Assembly */,
			);
			path = MainScreenModule;
			sourceTree = "<group>";
		};
		6CC3B9B12817E0A700A18DD3 /* DetailScreenModule */ = {
			isa = PBXGroup;
			children = (
			);
			path = DetailScreenModule;
			sourceTree = "<group>";
		};
		6CC3B9B22817E18000A18DD3 /* Assembly */ = {
			isa = PBXGroup;
			children = (
				6CC3B9C02817E31300A18DD3 /* MainScreenAssembly.swift */,
			);
			path = Assembly;
			sourceTree = "<group>";
		};
		6CC3B9B32817E18700A18DD3 /* Factory */ = {
			isa = PBXGroup;
			children = (
				6CC3B9BE2817E2ED00A18DD3 /* MainScreenFactory.swift */,
			);
			path = Factory;
			sourceTree = "<group>";
		};
		6CC3B9B42817E18D00A18DD3 /* Interactor */ = {
			isa = PBXGroup;
			children = (
				6CC3B9BC2817E2BE00A18DD3 /* MainScreenInteractor.swift */,
			);
			path = Interactor;
			sourceTree = "<group>";
		};
		6CC3B9B52817E19400A18DD3 /* View */ = {
			isa = PBXGroup;
			children = (
				6CC3B9B72817E1AF00A18DD3 /* MainScreenView.swift */,
			);
			path = View;
			sourceTree = "<group>";
		};
		6CC3B9B62817E19F00A18DD3 /* Presenter */ = {
			isa = PBXGroup;
			children = (
				6CC3B9B92817E24B00A18DD3 /* MainScreenModule.swift */,
			);
			path = Presenter;
			sourceTree = "<group>";
		};
/* End PBXGroup section */

/* Begin PBXNativeTarget section */
		6CC3B9952817DFD200A18DD3 /* CoordinatorChangeColor */ = {
			isa = PBXNativeTarget;
			buildConfigurationList = 6CC3B9AA2817DFD300A18DD3 /* Build configuration list for PBXNativeTarget "CoordinatorChangeColor" */;
			buildPhases = (
				6CC3B9922817DFD200A18DD3 /* Sources */,
				6CC3B9932817DFD200A18DD3 /* Frameworks */,
				6CC3B9942817DFD200A18DD3 /* Resources */,
			);
			buildRules = (
			);
			dependencies = (
			);
			name = CoordinatorChangeColor;
			productName = CoordinatorChangeColor;
			productReference = 6CC3B9962817DFD200A18DD3 /* CoordinatorChangeColor.app */;
			productType = "com.apple.product-type.application";
		};
/* End PBXNativeTarget section */

/* Begin PBXProject section */
		6CC3B98E2817DFD200A18DD3 /* Project object */ = {
			isa = PBXProject;
			attributes = {
				BuildIndependentTargetsInParallel = 1;
				LastSwiftUpdateCheck = 1330;
				LastUpgradeCheck = 1330;
				TargetAttributes = {
					6CC3B9952817DFD200A18DD3 = {
						CreatedOnToolsVersion = 13.3.1;
					};
				};
			};
			buildConfigurationList = 6CC3B9912817DFD200A18DD3 /* Build configuration list for PBXProject "CoordinatorChangeColor" */;
			compatibilityVersion = "Xcode 13.0";
			developmentRegion = en;
			hasScannedForEncodings = 0;
			knownRegions = (
				en,
				Base,
			);
			mainGroup = 6CC3B98D2817DFD200A18DD3;
			productRefGroup = 6CC3B9972817DFD200A18DD3 /* Products */;
			projectDirPath = "";
			projectRoot = "";
			targets = (
				6CC3B9952817DFD200A18DD3 /* CoordinatorChangeColor */,
			);
		};
/* End PBXProject section */

/* Begin PBXResourcesBuildPhase section */
		6CC3B9942817DFD200A18DD3 /* Resources */ = {
			isa = PBXResourcesBuildPhase;
			buildActionMask = 2147483647;
			files = (
				6CC3B9A62817DFD300A18DD3 /* LaunchScreen.storyboard in Resources */,
				6CC3B9A32817DFD300A18DD3 /* Assets.xcassets in Resources */,
				6CC3B9A12817DFD200A18DD3 /* Main.storyboard in Resources */,
			);
			runOnlyForDeploymentPostprocessing = 0;
		};
/* End PBXResourcesBuildPhase section */

/* Begin PBXSourcesBuildPhase section */
		6CC3B9922817DFD200A18DD3 /* Sources */ = {
			isa = PBXSourcesBuildPhase;
			buildActionMask = 2147483647;
			files = (
				6CC3B9C12817E31300A18DD3 /* MainScreenAssembly.swift in Sources */,
				6CC3B9BD2817E2BE00A18DD3 /* MainScreenInteractor.swift in Sources */,
				6CC3B9BA2817E24B00A18DD3 /* MainScreenModule.swift in Sources */,
				6CC3B99A2817DFD200A18DD3 /* AppDelegate.swift in Sources */,
				6CC3B9BF2817E2ED00A18DD3 /* MainScreenFactory.swift in Sources */,
				6CC3B9B82817E1AF00A18DD3 /* MainScreenView.swift in Sources */,
				6CC3B99C2817DFD200A18DD3 /* SceneDelegate.swift in Sources */,
			);
			runOnlyForDeploymentPostprocessing = 0;
		};
/* End PBXSourcesBuildPhase section */

/* Begin PBXVariantGroup section */
		6CC3B99F2817DFD200A18DD3 /* Main.storyboard */ = {
			isa = PBXVariantGroup;
			children = (
				6CC3B9A02817DFD200A18DD3 /* Base */,
			);
			name = Main.storyboard;
			sourceTree = "<group>";
		};
		6CC3B9A42817DFD300A18DD3 /* LaunchScreen.storyboard */ = {
			isa = PBXVariantGroup;
			children = (
				6CC3B9A52817DFD300A18DD3 /* Base */,
			);
			name = LaunchScreen.storyboard;
			sourceTree = "<group>";
		};
/* End PBXVariantGroup section */

/* Begin XCBuildConfiguration section */
		6CC3B9A82817DFD300A18DD3 /* Debug */ = {
			isa = XCBuildConfiguration;
			buildSettings = {
				ALWAYS_SEARCH_USER_PATHS = NO;
				CLANG_ANALYZER_NONNULL = YES;
				CLANG_ANALYZER_NUMBER_OBJECT_CONVERSION = YES_AGGRESSIVE;
				CLANG_CXX_LANGUAGE_STANDARD = "gnu++17";
				CLANG_ENABLE_MODULES = YES;
				CLANG_ENABLE_OBJC_ARC = YES;
				CLANG_ENABLE_OBJC_WEAK = YES;
				CLANG_WARN_BLOCK_CAPTURE_AUTORELEASING = YES;
				CLANG_WARN_BOOL_CONVERSION = YES;
				CLANG_WARN_COMMA = YES;
				CLANG_WARN_CONSTANT_CONVERSION = YES;
				CLANG_WARN_DEPRECATED_OBJC_IMPLEMENTATIONS = YES;
				CLANG_WARN_DIRECT_OBJC_ISA_USAGE = YES_ERROR;
				CLANG_WARN_DOCUMENTATION_COMMENTS = YES;
				CLANG_WARN_EMPTY_BODY = YES;
				CLANG_WARN_ENUM_CONVERSION = YES;
				CLANG_WARN_INFINITE_RECURSION = YES;
				CLANG_WARN_INT_CONVERSION = YES;
				CLANG_WARN_NON_LITERAL_NULL_CONVERSION = YES;
				CLANG_WARN_OBJC_IMPLICIT_RETAIN_SELF = YES;
				CLANG_WARN_OBJC_LITERAL_CONVERSION = YES;
				CLANG_WARN_OBJC_ROOT_CLASS = YES_ERROR;
				CLANG_WARN_QUOTED_INCLUDE_IN_FRAMEWORK_HEADER = YES;
				CLANG_WARN_RANGE_LOOP_ANALYSIS = YES;
				CLANG_WARN_STRICT_PROTOTYPES = YES;
				CLANG_WARN_SUSPICIOUS_MOVE = YES;
				CLANG_WARN_UNGUARDED_AVAILABILITY = YES_AGGRESSIVE;
				CLANG_WARN_UNREACHABLE_CODE = YES;
				CLANG_WARN__DUPLICATE_METHOD_MATCH = YES;
				COPY_PHASE_STRIP = NO;
				DEBUG_INFORMATION_FORMAT = dwarf;
				ENABLE_STRICT_OBJC_MSGSEND = YES;
				ENABLE_TESTABILITY = YES;
				GCC_C_LANGUAGE_STANDARD = gnu11;
				GCC_DYNAMIC_NO_PIC = NO;
				GCC_NO_COMMON_BLOCKS = YES;
				GCC_OPTIMIZATION_LEVEL = 0;
				GCC_PREPROCESSOR_DEFINITIONS = (
					"DEBUG=1",
					"$(inherited)",
				);
				GCC_WARN_64_TO_32_BIT_CONVERSION = YES;
				GCC_WARN_ABOUT_RETURN_TYPE = YES_ERROR;
				GCC_WARN_UNDECLARED_SELECTOR = YES;
				GCC_WARN_UNINITIALIZED_AUTOS = YES_AGGRESSIVE;
				GCC_WARN_UNUSED_FUNCTION = YES;
				GCC_WARN_UNUSED_VARIABLE = YES;
				IPHONEOS_DEPLOYMENT_TARGET = 15.4;
				MTL_ENABLE_DEBUG_INFO = INCLUDE_SOURCE;
				MTL_FAST_MATH = YES;
				ONLY_ACTIVE_ARCH = YES;
				SDKROOT = iphoneos;
				SWIFT_ACTIVE_COMPILATION_CONDITIONS = DEBUG;
				SWIFT_OPTIMIZATION_LEVEL = "-Onone";
			};
			name = Debug;
		};
		6CC3B9A92817DFD300A18DD3 /* Release */ = {
			isa = XCBuildConfiguration;
			buildSettings = {
				ALWAYS_SEARCH_USER_PATHS = NO;
				CLANG_ANALYZER_NONNULL = YES;
				CLANG_ANALYZER_NUMBER_OBJECT_CONVERSION = YES_AGGRESSIVE;
				CLANG_CXX_LANGUAGE_STANDARD = "gnu++17";
				CLANG_ENABLE_MODULES = YES;
				CLANG_ENABLE_OBJC_ARC = YES;
				CLANG_ENABLE_OBJC_WEAK = YES;
				CLANG_WARN_BLOCK_CAPTURE_AUTORELEASING = YES;
				CLANG_WARN_BOOL_CONVERSION = YES;
				CLANG_WARN_COMMA = YES;
				CLANG_WARN_CONSTANT_CONVERSION = YES;
				CLANG_WARN_DEPRECATED_OBJC_IMPLEMENTATIONS = YES;
				CLANG_WARN_DIRECT_OBJC_ISA_USAGE = YES_ERROR;
				CLANG_WARN_DOCUMENTATION_COMMENTS = YES;
				CLANG_WARN_EMPTY_BODY = YES;
				CLANG_WARN_ENUM_CONVERSION = YES;
				CLANG_WARN_INFINITE_RECURSION = YES;
				CLANG_WARN_INT_CONVERSION = YES;
				CLANG_WARN_NON_LITERAL_NULL_CONVERSION = YES;
				CLANG_WARN_OBJC_IMPLICIT_RETAIN_SELF = YES;
				CLANG_WARN_OBJC_LITERAL_CONVERSION = YES;
				CLANG_WARN_OBJC_ROOT_CLASS = YES_ERROR;
				CLANG_WARN_QUOTED_INCLUDE_IN_FRAMEWORK_HEADER = YES;
				CLANG_WARN_RANGE_LOOP_ANALYSIS = YES;
				CLANG_WARN_STRICT_PROTOTYPES = YES;
				CLANG_WARN_SUSPICIOUS_MOVE = YES;
				CLANG_WARN_UNGUARDED_AVAILABILITY = YES_AGGRESSIVE;
				CLANG_WARN_UNREACHABLE_CODE = YES;
				CLANG_WARN__DUPLICATE_METHOD_MATCH = YES;
				COPY_PHASE_STRIP = NO;
				DEBUG_INFORMATION_FORMAT = "dwarf-with-dsym";
				ENABLE_NS_ASSERTIONS = NO;
				ENABLE_STRICT_OBJC_MSGSEND = YES;
				GCC_C_LANGUAGE_STANDARD = gnu11;
				GCC_NO_COMMON_BLOCKS = YES;
				GCC_WARN_64_TO_32_BIT_CONVERSION = YES;
				GCC_WARN_ABOUT_RETURN_TYPE = YES_ERROR;
				GCC_WARN_UNDECLARED_SELECTOR = YES;
				GCC_WARN_UNINITIALIZED_AUTOS = YES_AGGRESSIVE;
				GCC_WARN_UNUSED_FUNCTION = YES;
				GCC_WARN_UNUSED_VARIABLE = YES;
				IPHONEOS_DEPLOYMENT_TARGET = 15.4;
				MTL_ENABLE_DEBUG_INFO = NO;
				MTL_FAST_MATH = YES;
				SDKROOT = iphoneos;
				SWIFT_COMPILATION_MODE = wholemodule;
				SWIFT_OPTIMIZATION_LEVEL = "-O";
				VALIDATE_PRODUCT = YES;
			};
			name = Release;
		};
		6CC3B9AB2817DFD300A18DD3 /* Debug */ = {
			isa = XCBuildConfiguration;
			buildSettings = {
				ASSETCATALOG_COMPILER_APPICON_NAME = AppIcon;
				ASSETCATALOG_COMPILER_GLOBAL_ACCENT_COLOR_NAME = AccentColor;
				CODE_SIGN_STYLE = Automatic;
				CURRENT_PROJECT_VERSION = 1;
				DEVELOPMENT_TEAM = 34VDSPZYU9;
				GENERATE_INFOPLIST_FILE = YES;
				INFOPLIST_FILE = CoordinatorChangeColor/Info.plist;
				INFOPLIST_KEY_UIApplicationSupportsIndirectInputEvents = YES;
				INFOPLIST_KEY_UILaunchStoryboardName = LaunchScreen;
				INFOPLIST_KEY_UISupportedInterfaceOrientations_iPad = "UIInterfaceOrientationPortrait UIInterfaceOrientationPortraitUpsideDown UIInterfaceOrientationLandscapeLeft UIInterfaceOrientationLandscapeRight";
				INFOPLIST_KEY_UISupportedInterfaceOrientations_iPhone = "UIInterfaceOrientationPortrait UIInterfaceOrientationLandscapeLeft UIInterfaceOrientationLandscapeRight";
				IPHONEOS_DEPLOYMENT_TARGET = 13.0;
				LD_RUNPATH_SEARCH_PATHS = (
					"$(inherited)",
					"@executable_path/Frameworks",
				);
				MARKETING_VERSION = 1.0.0;
				PRODUCT_BUNDLE_IDENTIFIER = "Sosina-Tatyana.CoordinatorChangeColor";
				PRODUCT_NAME = "$(TARGET_NAME)";
				SWIFT_EMIT_LOC_STRINGS = YES;
				SWIFT_VERSION = 5.0;
				TARGETED_DEVICE_FAMILY = 1;
			};
			name = Debug;
		};
		6CC3B9AC2817DFD300A18DD3 /* Release */ = {
			isa = XCBuildConfiguration;
			buildSettings = {
				ASSETCATALOG_COMPILER_APPICON_NAME = AppIcon;
				ASSETCATALOG_COMPILER_GLOBAL_ACCENT_COLOR_NAME = AccentColor;
				CODE_SIGN_STYLE = Automatic;
				CURRENT_PROJECT_VERSION = 1;
				DEVELOPMENT_TEAM = 34VDSPZYU9;
				GENERATE_INFOPLIST_FILE = YES;
				INFOPLIST_FILE = CoordinatorChangeColor/Info.plist;
				INFOPLIST_KEY_UIApplicationSupportsIndirectInputEvents = YES;
				INFOPLIST_KEY_UILaunchStoryboardName = LaunchScreen;
				INFOPLIST_KEY_UISupportedInterfaceOrientations_iPad = "UIInterfaceOrientationPortrait UIInterfaceOrientationPortraitUpsideDown UIInterfaceOrientationLandscapeLeft UIInterfaceOrientationLandscapeRight";
				INFOPLIST_KEY_UISupportedInterfaceOrientations_iPhone = "UIInterfaceOrientationPortrait UIInterfaceOrientationLandscapeLeft UIInterfaceOrientationLandscapeRight";
				IPHONEOS_DEPLOYMENT_TARGET = 13.0;
				LD_RUNPATH_SEARCH_PATHS = (
					"$(inherited)",
					"@executable_path/Frameworks",
				);
				MARKETING_VERSION = 1.0.0;
				PRODUCT_BUNDLE_IDENTIFIER = "Sosina-Tatyana.CoordinatorChangeColor";
				PRODUCT_NAME = "$(TARGET_NAME)";
				SWIFT_EMIT_LOC_STRINGS = YES;
				SWIFT_VERSION = 5.0;
				TARGETED_DEVICE_FAMILY = 1;
			};
			name = Release;
		};
/* End XCBuildConfiguration section */

/* Begin XCConfigurationList section */
		6CC3B9912817DFD200A18DD3 /* Build configuration list for PBXProject "CoordinatorChangeColor" */ = {
			isa = XCConfigurationList;
			buildConfigurations = (
				6CC3B9A82817DFD300A18DD3 /* Debug */,
				6CC3B9A92817DFD300A18DD3 /* Release */,
			);
			defaultConfigurationIsVisible = 0;
			defaultConfigurationName = Release;
		};
		6CC3B9AA2817DFD300A18DD3 /* Build configuration list for PBXNativeTarget "CoordinatorChangeColor" */ = {
			isa = XCConfigurationList;
			buildConfigurations = (
				6CC3B9AB2817DFD300A18DD3 /* Debug */,
				6CC3B9AC2817DFD300A18DD3 /* Release */,
			);
			defaultConfigurationIsVisible = 0;
			defaultConfigurationName = Release;
		};
/* End XCConfigurationList section */
	};
	rootObject = 6CC3B98E2817DFD200A18DD3 /* Project object */;
}
